
Microsoft Visual Studio Solution File, Format Version 12.00
# Visual Studio Version 16
VisualStudioVersion = 16.0.31515.178
MinimumVisualStudioVersion = 10.0.40219.1
Project("{FAE04EC0-301F-11D3-BF4B-00C04F79EFBC}") = "Dice", "Dice\Dice.csproj", "{245844F6-0F44-4F05-BE00-164C66B517F3}"
EndProject
Global
	GlobalSection(SolutionConfigurationPlatforms) = preSolution
		Debug|Any CPU = Debug|Any CPU
		Release|Any CPU = Release|Any CPU
	EndGlobalSection
	GlobalSection(ProjectConfigurationPlatforms) = postSolution
		{245844F6-0F44-4F05-BE00-164C66B517F3}.Debug|Any CPU.ActiveCfg = Debug|Any CPU
		{245844F6-0F44-4F05-BE00-164C66B517F3}.Debug|Any CPU.Build.0 = Debug|Any CPU
		{245844F6-0F44-4F05-BE00-164C66B517F3}.Release|Any CPU.ActiveCfg = Release|Any CPU
		{245844F6-0F44-4F05-BE00-164C66B517F3}.Release|Any CPU.Build.0 = Release|Any CPU
	EndGlobalSection
	GlobalSection(SolutionProperties) = preSolution
		HideSolutionNode = FALSE
	EndGlobalSection
	GlobalSection(ExtensibilityGlobals) = postSolution
		SolutionGuid = {DC0141F9-E250-46D5-9C0C-D5B29B8D9568}
	EndGlobalSection
EndGlobal
